
Microsoft Visual Studio Solution File, Format Version 12.00
# Visual Studio Version 17
VisualStudioVersion = 17.3.32825.248
MinimumVisualStudioVersion = 10.0.40219.1
Project("{8BC9CEB8-8B4A-11D0-8D11-00A0C91BC942}") = "Exercise1", "Exercise1\Exercise1.vcxproj", "{A79D20A0-3EB6-4FEE-AE94-6BE244671B6F}"
EndProject
Project("{8BC9CEB8-8B4A-11D0-8D11-00A0C91BC942}") = "Exercise2", "Exercise2\Exercise2.vcxproj", "{E4485F85-F438-4454-B8FA-FFFD6B7344D9}"
EndProject
Project("{8BC9CEB8-8B4A-11D0-8D11-00A0C91BC942}") = "Exercise3", "Exercise3\Exercise3.vcxproj", "{A873442F-25EE-409E-BEEC-31712C28506E}"
EndProject
Global
	GlobalSection(SolutionConfigurationPlatforms) = preSolution
		Debug|x64 = Debug|x64
		Debug|x86 = Debug|x86
		Release|x64 = Release|x64
		Release|x86 = Release|x86
	EndGlobalSection
	GlobalSection(ProjectConfigurationPlatforms) = postSolution
		{A79D20A0-3EB6-4FEE-AE94-6BE244671B6F}.Debug|x64.ActiveCfg = Debug|x64
		{A79D20A0-3EB6-4FEE-AE94-6BE244671B6F}.Debug|x64.Build.0 = Debug|x64
		{A79D20A0-3EB6-4FEE-AE94-6BE244671B6F}.Debug|x86.ActiveCfg = Debug|Win32
		{A79D20A0-3EB6-4FEE-AE94-6BE244671B6F}.Debug|x86.Build.0 = Debug|Win32
		{A79D20A0-3EB6-4FEE-AE94-6BE244671B6F}.Release|x64.ActiveCfg = Release|x64
		{A79D20A0-3EB6-4FEE-AE94-6BE244671B6F}.Release|x64.Build.0 = Release|x64
		{A79D20A0-3EB6-4FEE-AE94-6BE244671B6F}.Release|x86.ActiveCfg = Release|Win32
		{A79D20A0-3EB6-4FEE-AE94-6BE244671B6F}.Release|x86.Build.0 = Release|Win32
		{E4485F85-F438-4454-B8FA-FFFD6B7344D9}.Debug|x64.ActiveCfg = Debug|x64
		{E4485F85-F438-4454-B8FA-FFFD6B7344D9}.Debug|x64.Build.0 = Debug|x64
		{E4485F85-F438-4454-B8FA-FFFD6B7344D9}.Debug|x86.ActiveCfg = Debug|Win32
		{E4485F85-F438-4454-B8FA-FFFD6B7344D9}.Debug|x86.Build.0 = Debug|Win32
		{E4485F85-F438-4454-B8FA-FFFD6B7344D9}.Release|x64.ActiveCfg = Release|x64
		{E4485F85-F438-4454-B8FA-FFFD6B7344D9}.Release|x64.Build.0 = Release|x64
		{E4485F85-F438-4454-B8FA-FFFD6B7344D9}.Release|x86.ActiveCfg = Release|Win32
		{E4485F85-F438-4454-B8FA-FFFD6B7344D9}.Release|x86.Build.0 = Release|Win32
		{A873442F-25EE-409E-BEEC-31712C28506E}.Debug|x64.ActiveCfg = Debug|x64
		{A873442F-25EE-409E-BEEC-31712C28506E}.Debug|x64.Build.0 = Debug|x64
		{A873442F-25EE-409E-BEEC-31712C28506E}.Debug|x86.ActiveCfg = Debug|Win32
		{A873442F-25EE-409E-BEEC-31712C28506E}.Debug|x86.Build.0 = Debug|Win32
		{A873442F-25EE-409E-BEEC-31712C28506E}.Release|x64.ActiveCfg = Release|x64
		{A873442F-25EE-409E-BEEC-31712C28506E}.Release|x64.Build.0 = Release|x64
		{A873442F-25EE-409E-BEEC-31712C28506E}.Release|x86.ActiveCfg = Release|Win32
		{A873442F-25EE-409E-BEEC-31712C28506E}.Release|x86.Build.0 = Release|Win32
	EndGlobalSection
	GlobalSection(SolutionProperties) = preSolution
		HideSolutionNode = FALSE
	EndGlobalSection
	GlobalSection(ExtensibilityGlobals) = postSolution
		SolutionGuid = {D3443854-8920-40E2-91D5-99FE3160F4A9}
	EndGlobalSection
EndGlobal
