
Microsoft Visual Studio Solution File, Format Version 12.00
# Visual Studio Version 17
VisualStudioVersion = 17.3.32825.248
MinimumVisualStudioVersion = 10.0.40219.1
Project("{8BC9CEB8-8B4A-11D0-8D11-00A0C91BC942}") = "Exercise1", "Exercise1\Exercise1.vcxproj", "{35D5271D-BA70-485A-A139-8C276E9F3B36}"
EndProject
Project("{8BC9CEB8-8B4A-11D0-8D11-00A0C91BC942}") = "Exercise2", "Exercise2\Exercise2.vcxproj", "{B04C7620-E1C4-4EEB-9375-D777DDF52510}"
EndProject
Global
	GlobalSection(SolutionConfigurationPlatforms) = preSolution
		Debug|x64 = Debug|x64
		Debug|x86 = Debug|x86
		Release|x64 = Release|x64
		Release|x86 = Release|x86
	EndGlobalSection
	GlobalSection(ProjectConfigurationPlatforms) = postSolution
		{35D5271D-BA70-485A-A139-8C276E9F3B36}.Debug|x64.ActiveCfg = Debug|x64
		{35D5271D-BA70-485A-A139-8C276E9F3B36}.Debug|x64.Build.0 = Debug|x64
		{35D5271D-BA70-485A-A139-8C276E9F3B36}.Debug|x86.ActiveCfg = Debug|Win32
		{35D5271D-BA70-485A-A139-8C276E9F3B36}.Debug|x86.Build.0 = Debug|Win32
		{35D5271D-BA70-485A-A139-8C276E9F3B36}.Release|x64.ActiveCfg = Release|x64
		{35D5271D-BA70-485A-A139-8C276E9F3B36}.Release|x64.Build.0 = Release|x64
		{35D5271D-BA70-485A-A139-8C276E9F3B36}.Release|x86.ActiveCfg = Release|Win32
		{35D5271D-BA70-485A-A139-8C276E9F3B36}.Release|x86.Build.0 = Release|Win32
		{B04C7620-E1C4-4EEB-9375-D777DDF52510}.Debug|x64.ActiveCfg = Debug|x64
		{B04C7620-E1C4-4EEB-9375-D777DDF52510}.Debug|x64.Build.0 = Debug|x64
		{B04C7620-E1C4-4EEB-9375-D777DDF52510}.Debug|x86.ActiveCfg = Debug|Win32
		{B04C7620-E1C4-4EEB-9375-D777DDF52510}.Debug|x86.Build.0 = Debug|Win32
		{B04C7620-E1C4-4EEB-9375-D777DDF52510}.Release|x64.ActiveCfg = Release|x64
		{B04C7620-E1C4-4EEB-9375-D777DDF52510}.Release|x64.Build.0 = Release|x64
		{B04C7620-E1C4-4EEB-9375-D777DDF52510}.Release|x86.ActiveCfg = Release|Win32
		{B04C7620-E1C4-4EEB-9375-D777DDF52510}.Release|x86.Build.0 = Release|Win32
	EndGlobalSection
	GlobalSection(SolutionProperties) = preSolution
		HideSolutionNode = FALSE
	EndGlobalSection
	GlobalSection(ExtensibilityGlobals) = postSolution
		SolutionGuid = {5953DB5C-32D7-4C4C-837F-A67DA96C5E26}
	EndGlobalSection
EndGlobal
