
Microsoft Visual Studio Solution File, Format Version 12.00
# Visual Studio Version 17
VisualStudioVersion = 17.3.32901.215
MinimumVisualStudioVersion = 10.0.40219.1
Project("{8BC9CEB8-8B4A-11D0-8D11-00A0C91BC942}") = "Exercise1", "Exercise1\Exercise1.vcxproj", "{73560686-F28F-4673-A4D6-1F55FD48C4AC}"
EndProject
Project("{8BC9CEB8-8B4A-11D0-8D11-00A0C91BC942}") = "Exercise2", "Exercise2\Exercise2.vcxproj", "{45B55175-CA9D-43BE-AD43-CA5B26A6D465}"
EndProject
Project("{8BC9CEB8-8B4A-11D0-8D11-00A0C91BC942}") = "Exercise3", "Exercise3\Exercise3.vcxproj", "{77D67772-E0DE-4C13-88C5-7F6442163710}"
EndProject
Project("{8BC9CEB8-8B4A-11D0-8D11-00A0C91BC942}") = "Exercise4", "Exercise4\Exercise4.vcxproj", "{C8FED4EB-0EAA-4B85-B697-8669DFEE0FFD}"
EndProject
Project("{8BC9CEB8-8B4A-11D0-8D11-00A0C91BC942}") = "Exercise5", "Exercise5\Exercise5.vcxproj", "{0957552D-013F-45D2-A12D-D91AF5688459}"
EndProject
Project("{8BC9CEB8-8B4A-11D0-8D11-00A0C91BC942}") = "Exercise6", "Exercise6\Exercise6.vcxproj", "{C8091E51-B9B4-4C53-BEFC-604348DDB6C5}"
EndProject
Project("{8BC9CEB8-8B4A-11D0-8D11-00A0C91BC942}") = "Exercise7", "Exercise7\Exercise7.vcxproj", "{88E9BD9C-2D75-46B3-A3A7-D4B2775D22DC}"
EndProject
Project("{8BC9CEB8-8B4A-11D0-8D11-00A0C91BC942}") = "Exercise8", "Exercise8\Exercise8.vcxproj", "{C06D76A1-85CB-4D0F-8675-A24B87415BA7}"
EndProject
Project("{8BC9CEB8-8B4A-11D0-8D11-00A0C91BC942}") = "Exercise9", "Exercise9\Exercise9.vcxproj", "{AEC364AE-9AE3-4D06-84DC-545BD56932D1}"
EndProject
Project("{8BC9CEB8-8B4A-11D0-8D11-00A0C91BC942}") = "Exercise10", "Exercise10\Exercise10.vcxproj", "{94B8E733-84BC-4547-BF27-C2FE2858A0D1}"
EndProject
Project("{8BC9CEB8-8B4A-11D0-8D11-00A0C91BC942}") = "Exercise11", "Exercise11\Exercise11.vcxproj", "{5E8F1A35-0C6A-499C-ACF5-AEF975AC146C}"
EndProject
Project("{8BC9CEB8-8B4A-11D0-8D11-00A0C91BC942}") = "Exercise12", "Exercise12\Exercise12.vcxproj", "{23409737-4482-4778-8F1E-50BF545874A4}"
EndProject
Project("{8BC9CEB8-8B4A-11D0-8D11-00A0C91BC942}") = "Exercise13", "Exercise13\Exercise13.vcxproj", "{4D782CA9-E895-4AE7-A18D-FABD36EEB4D4}"
EndProject
Project("{8BC9CEB8-8B4A-11D0-8D11-00A0C91BC942}") = "Exercise14", "Exercise14\Exercise14.vcxproj", "{4CE3031B-F9BD-4BA1-9FA1-05E83CE86904}"
EndProject
Project("{8BC9CEB8-8B4A-11D0-8D11-00A0C91BC942}") = "Exercise15", "Exercise15\Exercise15.vcxproj", "{C9E50AE3-B80A-4D45-98C8-AB0B390BC1FE}"
EndProject
Project("{8BC9CEB8-8B4A-11D0-8D11-00A0C91BC942}") = "Exercise16", "Exercise16\Exercise16.vcxproj", "{9D48FBCB-B81C-4B75-9F72-CA6AE605F6D6}"
EndProject
Global
	GlobalSection(SolutionConfigurationPlatforms) = preSolution
		Debug|x64 = Debug|x64
		Debug|x86 = Debug|x86
		Release|x64 = Release|x64
		Release|x86 = Release|x86
	EndGlobalSection
	GlobalSection(ProjectConfigurationPlatforms) = postSolution
		{73560686-F28F-4673-A4D6-1F55FD48C4AC}.Debug|x64.ActiveCfg = Debug|x64
		{73560686-F28F-4673-A4D6-1F55FD48C4AC}.Debug|x64.Build.0 = Debug|x64
		{73560686-F28F-4673-A4D6-1F55FD48C4AC}.Debug|x86.ActiveCfg = Debug|Win32
		{73560686-F28F-4673-A4D6-1F55FD48C4AC}.Debug|x86.Build.0 = Debug|Win32
		{73560686-F28F-4673-A4D6-1F55FD48C4AC}.Release|x64.ActiveCfg = Release|x64
		{73560686-F28F-4673-A4D6-1F55FD48C4AC}.Release|x64.Build.0 = Release|x64
		{73560686-F28F-4673-A4D6-1F55FD48C4AC}.Release|x86.ActiveCfg = Release|Win32
		{73560686-F28F-4673-A4D6-1F55FD48C4AC}.Release|x86.Build.0 = Release|Win32
		{45B55175-CA9D-43BE-AD43-CA5B26A6D465}.Debug|x64.ActiveCfg = Debug|x64
		{45B55175-CA9D-43BE-AD43-CA5B26A6D465}.Debug|x64.Build.0 = Debug|x64
		{45B55175-CA9D-43BE-AD43-CA5B26A6D465}.Debug|x86.ActiveCfg = Debug|Win32
		{45B55175-CA9D-43BE-AD43-CA5B26A6D465}.Debug|x86.Build.0 = Debug|Win32
		{45B55175-CA9D-43BE-AD43-CA5B26A6D465}.Release|x64.ActiveCfg = Release|x64
		{45B55175-CA9D-43BE-AD43-CA5B26A6D465}.Release|x64.Build.0 = Release|x64
		{45B55175-CA9D-43BE-AD43-CA5B26A6D465}.Release|x86.ActiveCfg = Release|Win32
		{45B55175-CA9D-43BE-AD43-CA5B26A6D465}.Release|x86.Build.0 = Release|Win32
		{77D67772-E0DE-4C13-88C5-7F6442163710}.Debug|x64.ActiveCfg = Debug|x64
		{77D67772-E0DE-4C13-88C5-7F6442163710}.Debug|x64.Build.0 = Debug|x64
		{77D67772-E0DE-4C13-88C5-7F6442163710}.Debug|x86.ActiveCfg = Debug|Win32
		{77D67772-E0DE-4C13-88C5-7F6442163710}.Debug|x86.Build.0 = Debug|Win32
		{77D67772-E0DE-4C13-88C5-7F6442163710}.Release|x64.ActiveCfg = Release|x64
		{77D67772-E0DE-4C13-88C5-7F6442163710}.Release|x64.Build.0 = Release|x64
		{77D67772-E0DE-4C13-88C5-7F6442163710}.Release|x86.ActiveCfg = Release|Win32
		{77D67772-E0DE-4C13-88C5-7F6442163710}.Release|x86.Build.0 = Release|Win32
		{C8FED4EB-0EAA-4B85-B697-8669DFEE0FFD}.Debug|x64.ActiveCfg = Debug|x64
		{C8FED4EB-0EAA-4B85-B697-8669DFEE0FFD}.Debug|x64.Build.0 = Debug|x64
		{C8FED4EB-0EAA-4B85-B697-8669DFEE0FFD}.Debug|x86.ActiveCfg = Debug|Win32
		{C8FED4EB-0EAA-4B85-B697-8669DFEE0FFD}.Debug|x86.Build.0 = Debug|Win32
		{C8FED4EB-0EAA-4B85-B697-8669DFEE0FFD}.Release|x64.ActiveCfg = Release|x64
		{C8FED4EB-0EAA-4B85-B697-8669DFEE0FFD}.Release|x64.Build.0 = Release|x64
		{C8FED4EB-0EAA-4B85-B697-8669DFEE0FFD}.Release|x86.ActiveCfg = Release|Win32
		{C8FED4EB-0EAA-4B85-B697-8669DFEE0FFD}.Release|x86.Build.0 = Release|Win32
		{0957552D-013F-45D2-A12D-D91AF5688459}.Debug|x64.ActiveCfg = Debug|x64
		{0957552D-013F-45D2-A12D-D91AF5688459}.Debug|x64.Build.0 = Debug|x64
		{0957552D-013F-45D2-A12D-D91AF5688459}.Debug|x86.ActiveCfg = Debug|Win32
		{0957552D-013F-45D2-A12D-D91AF5688459}.Debug|x86.Build.0 = Debug|Win32
		{0957552D-013F-45D2-A12D-D91AF5688459}.Release|x64.ActiveCfg = Release|x64
		{0957552D-013F-45D2-A12D-D91AF5688459}.Release|x64.Build.0 = Release|x64
		{0957552D-013F-45D2-A12D-D91AF5688459}.Release|x86.ActiveCfg = Release|Win32
		{0957552D-013F-45D2-A12D-D91AF5688459}.Release|x86.Build.0 = Release|Win32
		{C8091E51-B9B4-4C53-BEFC-604348DDB6C5}.Debug|x64.ActiveCfg = Debug|x64
		{C8091E51-B9B4-4C53-BEFC-604348DDB6C5}.Debug|x64.Build.0 = Debug|x64
		{C8091E51-B9B4-4C53-BEFC-604348DDB6C5}.Debug|x86.ActiveCfg = Debug|Win32
		{C8091E51-B9B4-4C53-BEFC-604348DDB6C5}.Debug|x86.Build.0 = Debug|Win32
		{C8091E51-B9B4-4C53-BEFC-604348DDB6C5}.Release|x64.ActiveCfg = Release|x64
		{C8091E51-B9B4-4C53-BEFC-604348DDB6C5}.Release|x64.Build.0 = Release|x64
		{C8091E51-B9B4-4C53-BEFC-604348DDB6C5}.Release|x86.ActiveCfg = Release|Win32
		{C8091E51-B9B4-4C53-BEFC-604348DDB6C5}.Release|x86.Build.0 = Release|Win32
		{88E9BD9C-2D75-46B3-A3A7-D4B2775D22DC}.Debug|x64.ActiveCfg = Debug|x64
		{88E9BD9C-2D75-46B3-A3A7-D4B2775D22DC}.Debug|x64.Build.0 = Debug|x64
		{88E9BD9C-2D75-46B3-A3A7-D4B2775D22DC}.Debug|x86.ActiveCfg = Debug|Win32
		{88E9BD9C-2D75-46B3-A3A7-D4B2775D22DC}.Debug|x86.Build.0 = Debug|Win32
		{88E9BD9C-2D75-46B3-A3A7-D4B2775D22DC}.Release|x64.ActiveCfg = Release|x64
		{88E9BD9C-2D75-46B3-A3A7-D4B2775D22DC}.Release|x64.Build.0 = Release|x64
		{88E9BD9C-2D75-46B3-A3A7-D4B2775D22DC}.Release|x86.ActiveCfg = Release|Win32
		{88E9BD9C-2D75-46B3-A3A7-D4B2775D22DC}.Release|x86.Build.0 = Release|Win32
		{C06D76A1-85CB-4D0F-8675-A24B87415BA7}.Debug|x64.ActiveCfg = Debug|x64
		{C06D76A1-85CB-4D0F-8675-A24B87415BA7}.Debug|x64.Build.0 = Debug|x64
		{C06D76A1-85CB-4D0F-8675-A24B87415BA7}.Debug|x86.ActiveCfg = Debug|Win32
		{C06D76A1-85CB-4D0F-8675-A24B87415BA7}.Debug|x86.Build.0 = Debug|Win32
		{C06D76A1-85CB-4D0F-8675-A24B87415BA7}.Release|x64.ActiveCfg = Release|x64
		{C06D76A1-85CB-4D0F-8675-A24B87415BA7}.Release|x64.Build.0 = Release|x64
		{C06D76A1-85CB-4D0F-8675-A24B87415BA7}.Release|x86.ActiveCfg = Release|Win32
		{C06D76A1-85CB-4D0F-8675-A24B87415BA7}.Release|x86.Build.0 = Release|Win32
		{AEC364AE-9AE3-4D06-84DC-545BD56932D1}.Debug|x64.ActiveCfg = Debug|x64
		{AEC364AE-9AE3-4D06-84DC-545BD56932D1}.Debug|x64.Build.0 = Debug|x64
		{AEC364AE-9AE3-4D06-84DC-545BD56932D1}.Debug|x86.ActiveCfg = Debug|Win32
		{AEC364AE-9AE3-4D06-84DC-545BD56932D1}.Debug|x86.Build.0 = Debug|Win32
		{AEC364AE-9AE3-4D06-84DC-545BD56932D1}.Release|x64.ActiveCfg = Release|x64
		{AEC364AE-9AE3-4D06-84DC-545BD56932D1}.Release|x64.Build.0 = Release|x64
		{AEC364AE-9AE3-4D06-84DC-545BD56932D1}.Release|x86.ActiveCfg = Release|Win32
		{AEC364AE-9AE3-4D06-84DC-545BD56932D1}.Release|x86.Build.0 = Release|Win32
		{94B8E733-84BC-4547-BF27-C2FE2858A0D1}.Debug|x64.ActiveCfg = Debug|x64
		{94B8E733-84BC-4547-BF27-C2FE2858A0D1}.Debug|x64.Build.0 = Debug|x64
		{94B8E733-84BC-4547-BF27-C2FE2858A0D1}.Debug|x86.ActiveCfg = Debug|Win32
		{94B8E733-84BC-4547-BF27-C2FE2858A0D1}.Debug|x86.Build.0 = Debug|Win32
		{94B8E733-84BC-4547-BF27-C2FE2858A0D1}.Release|x64.ActiveCfg = Release|x64
		{94B8E733-84BC-4547-BF27-C2FE2858A0D1}.Release|x64.Build.0 = Release|x64
		{94B8E733-84BC-4547-BF27-C2FE2858A0D1}.Release|x86.ActiveCfg = Release|Win32
		{94B8E733-84BC-4547-BF27-C2FE2858A0D1}.Release|x86.Build.0 = Release|Win32
		{5E8F1A35-0C6A-499C-ACF5-AEF975AC146C}.Debug|x64.ActiveCfg = Debug|x64
		{5E8F1A35-0C6A-499C-ACF5-AEF975AC146C}.Debug|x64.Build.0 = Debug|x64
		{5E8F1A35-0C6A-499C-ACF5-AEF975AC146C}.Debug|x86.ActiveCfg = Debug|Win32
		{5E8F1A35-0C6A-499C-ACF5-AEF975AC146C}.Debug|x86.Build.0 = Debug|Win32
		{5E8F1A35-0C6A-499C-ACF5-AEF975AC146C}.Release|x64.ActiveCfg = Release|x64
		{5E8F1A35-0C6A-499C-ACF5-AEF975AC146C}.Release|x64.Build.0 = Release|x64
		{5E8F1A35-0C6A-499C-ACF5-AEF975AC146C}.Release|x86.ActiveCfg = Release|Win32
		{5E8F1A35-0C6A-499C-ACF5-AEF975AC146C}.Release|x86.Build.0 = Release|Win32
		{23409737-4482-4778-8F1E-50BF545874A4}.Debug|x64.ActiveCfg = Debug|x64
		{23409737-4482-4778-8F1E-50BF545874A4}.Debug|x64.Build.0 = Debug|x64
		{23409737-4482-4778-8F1E-50BF545874A4}.Debug|x86.ActiveCfg = Debug|Win32
		{23409737-4482-4778-8F1E-50BF545874A4}.Debug|x86.Build.0 = Debug|Win32
		{23409737-4482-4778-8F1E-50BF545874A4}.Release|x64.ActiveCfg = Release|x64
		{23409737-4482-4778-8F1E-50BF545874A4}.Release|x64.Build.0 = Release|x64
		{23409737-4482-4778-8F1E-50BF545874A4}.Release|x86.ActiveCfg = Release|Win32
		{23409737-4482-4778-8F1E-50BF545874A4}.Release|x86.Build.0 = Release|Win32
		{4D782CA9-E895-4AE7-A18D-FABD36EEB4D4}.Debug|x64.ActiveCfg = Debug|x64
		{4D782CA9-E895-4AE7-A18D-FABD36EEB4D4}.Debug|x64.Build.0 = Debug|x64
		{4D782CA9-E895-4AE7-A18D-FABD36EEB4D4}.Debug|x86.ActiveCfg = Debug|Win32
		{4D782CA9-E895-4AE7-A18D-FABD36EEB4D4}.Debug|x86.Build.0 = Debug|Win32
		{4D782CA9-E895-4AE7-A18D-FABD36EEB4D4}.Release|x64.ActiveCfg = Release|x64
		{4D782CA9-E895-4AE7-A18D-FABD36EEB4D4}.Release|x64.Build.0 = Release|x64
		{4D782CA9-E895-4AE7-A18D-FABD36EEB4D4}.Release|x86.ActiveCfg = Release|Win32
		{4D782CA9-E895-4AE7-A18D-FABD36EEB4D4}.Release|x86.Build.0 = Release|Win32
		{4CE3031B-F9BD-4BA1-9FA1-05E83CE86904}.Debug|x64.ActiveCfg = Debug|x64
		{4CE3031B-F9BD-4BA1-9FA1-05E83CE86904}.Debug|x64.Build.0 = Debug|x64
		{4CE3031B-F9BD-4BA1-9FA1-05E83CE86904}.Debug|x86.ActiveCfg = Debug|Win32
		{4CE3031B-F9BD-4BA1-9FA1-05E83CE86904}.Debug|x86.Build.0 = Debug|Win32
		{4CE3031B-F9BD-4BA1-9FA1-05E83CE86904}.Release|x64.ActiveCfg = Release|x64
		{4CE3031B-F9BD-4BA1-9FA1-05E83CE86904}.Release|x64.Build.0 = Release|x64
		{4CE3031B-F9BD-4BA1-9FA1-05E83CE86904}.Release|x86.ActiveCfg = Release|Win32
		{4CE3031B-F9BD-4BA1-9FA1-05E83CE86904}.Release|x86.Build.0 = Release|Win32
		{C9E50AE3-B80A-4D45-98C8-AB0B390BC1FE}.Debug|x64.ActiveCfg = Debug|x64
		{C9E50AE3-B80A-4D45-98C8-AB0B390BC1FE}.Debug|x64.Build.0 = Debug|x64
		{C9E50AE3-B80A-4D45-98C8-AB0B390BC1FE}.Debug|x86.ActiveCfg = Debug|Win32
		{C9E50AE3-B80A-4D45-98C8-AB0B390BC1FE}.Debug|x86.Build.0 = Debug|Win32
		{C9E50AE3-B80A-4D45-98C8-AB0B390BC1FE}.Release|x64.ActiveCfg = Release|x64
		{C9E50AE3-B80A-4D45-98C8-AB0B390BC1FE}.Release|x64.Build.0 = Release|x64
		{C9E50AE3-B80A-4D45-98C8-AB0B390BC1FE}.Release|x86.ActiveCfg = Release|Win32
		{C9E50AE3-B80A-4D45-98C8-AB0B390BC1FE}.Release|x86.Build.0 = Release|Win32
		{9D48FBCB-B81C-4B75-9F72-CA6AE605F6D6}.Debug|x64.ActiveCfg = Debug|x64
		{9D48FBCB-B81C-4B75-9F72-CA6AE605F6D6}.Debug|x64.Build.0 = Debug|x64
		{9D48FBCB-B81C-4B75-9F72-CA6AE605F6D6}.Debug|x86.ActiveCfg = Debug|Win32
		{9D48FBCB-B81C-4B75-9F72-CA6AE605F6D6}.Debug|x86.Build.0 = Debug|Win32
		{9D48FBCB-B81C-4B75-9F72-CA6AE605F6D6}.Release|x64.ActiveCfg = Release|x64
		{9D48FBCB-B81C-4B75-9F72-CA6AE605F6D6}.Release|x64.Build.0 = Release|x64
		{9D48FBCB-B81C-4B75-9F72-CA6AE605F6D6}.Release|x86.ActiveCfg = Release|Win32
		{9D48FBCB-B81C-4B75-9F72-CA6AE605F6D6}.Release|x86.Build.0 = Release|Win32
	EndGlobalSection
	GlobalSection(SolutionProperties) = preSolution
		HideSolutionNode = FALSE
	EndGlobalSection
	GlobalSection(ExtensibilityGlobals) = postSolution
		SolutionGuid = {8A67CDD8-FAB2-4FD1-B413-9E45811FB661}
	EndGlobalSection
EndGlobal
